
Microsoft Visual Studio Solution File, Format Version 12.00
# Visual Studio Version 16
VisualStudioVersion = 16.0.31313.79
MinimumVisualStudioVersion = 10.0.40219.1
Project("{8BC9CEB8-8B4A-11D0-8D11-00A0C91BC942}") = "Bus_Card_System", "Bus_Card_System.vcxproj", "{E0FB007E-7576-464C-93E8-F598B8AC6D37}"
EndProject
Global
	GlobalSection(SolutionConfigurationPlatforms) = preSolution
		Debug|x64 = Debug|x64
		Debug|x86 = Debug|x86
		Release|x64 = Release|x64
		Release|x86 = Release|x86
	EndGlobalSection
	GlobalSection(ProjectConfigurationPlatforms) = postSolution
		{E0FB007E-7576-464C-93E8-F598B8AC6D37}.Debug|x64.ActiveCfg = Debug|x64
		{E0FB007E-7576-464C-93E8-F598B8AC6D37}.Debug|x64.Build.0 = Debug|x64
		{E0FB007E-7576-464C-93E8-F598B8AC6D37}.Debug|x86.ActiveCfg = Debug|Win32
		{E0FB007E-7576-464C-93E8-F598B8AC6D37}.Debug|x86.Build.0 = Debug|Win32
		{E0FB007E-7576-464C-93E8-F598B8AC6D37}.Release|x64.ActiveCfg = Release|x64
		{E0FB007E-7576-464C-93E8-F598B8AC6D37}.Release|x64.Build.0 = Release|x64
		{E0FB007E-7576-464C-93E8-F598B8AC6D37}.Release|x86.ActiveCfg = Release|Win32
		{E0FB007E-7576-464C-93E8-F598B8AC6D37}.Release|x86.Build.0 = Release|Win32
	EndGlobalSection
	GlobalSection(SolutionProperties) = preSolution
		HideSolutionNode = FALSE
	EndGlobalSection
	GlobalSection(ExtensibilityGlobals) = postSolution
		SolutionGuid = {FD07507B-76A0-439C-98EF-975A0B97F371}
	EndGlobalSection
EndGlobal
